
Microsoft Visual Studio Solution File, Format Version 12.00
# Visual Studio 15
VisualStudioVersion = 15.0.27004.2010
MinimumVisualStudioVersion = 10.0.40219.1
Project("{FAE04EC0-301F-11D3-BF4B-00C04F79EFBC}") = "Ragnarok", "Ragnarok\Ragnarok.csproj", "{7C2946E5-707F-4499-A2F6-FE91BCA84DAC}"
EndProject
Project("{2150E333-8FDC-42A3-9474-1A3956D46DE8}") = "Solution Items", "Solution Items", "{52F9D4F9-5F14-4497-896D-AC63C90AF807}"
	ProjectSection(SolutionItems) = preProject
		.gitignore = .gitignore
		LICENSE = LICENSE
		nuget.config = nuget.config
		README.md = README.md
	EndProjectSection
EndProject
Project("{FAE04EC0-301F-11D3-BF4B-00C04F79EFBC}") = "Ragnarok.UnitTest", "Ragnarok.UnitTest\Ragnarok.UnitTest.csproj", "{81ED326F-77F5-4D82-8955-21A2B8D722C7}"
EndProject
Global
	GlobalSection(SolutionConfigurationPlatforms) = preSolution
		Debug|Any CPU = Debug|Any CPU
		Release|Any CPU = Release|Any CPU
	EndGlobalSection
	GlobalSection(ProjectConfigurationPlatforms) = postSolution
		{7C2946E5-707F-4499-A2F6-FE91BCA84DAC}.Debug|Any CPU.ActiveCfg = Debug|Any CPU
		{7C2946E5-707F-4499-A2F6-FE91BCA84DAC}.Debug|Any CPU.Build.0 = Debug|Any CPU
		{7C2946E5-707F-4499-A2F6-FE91BCA84DAC}.Release|Any CPU.ActiveCfg = Release|Any CPU
		{7C2946E5-707F-4499-A2F6-FE91BCA84DAC}.Release|Any CPU.Build.0 = Release|Any CPU
		{81ED326F-77F5-4D82-8955-21A2B8D722C7}.Debug|Any CPU.ActiveCfg = Debug|Any CPU
		{81ED326F-77F5-4D82-8955-21A2B8D722C7}.Debug|Any CPU.Build.0 = Debug|Any CPU
		{81ED326F-77F5-4D82-8955-21A2B8D722C7}.Release|Any CPU.ActiveCfg = Release|Any CPU
		{81ED326F-77F5-4D82-8955-21A2B8D722C7}.Release|Any CPU.Build.0 = Release|Any CPU
	EndGlobalSection
	GlobalSection(SolutionProperties) = preSolution
		HideSolutionNode = FALSE
	EndGlobalSection
	GlobalSection(ExtensibilityGlobals) = postSolution
		SolutionGuid = {EEED4AB2-0F48-4DCE-B8E6-CB0A3BF1E81C}
	EndGlobalSection
EndGlobal
